
Microsoft Visual Studio Solution File, Format Version 12.00
# Visual Studio Version 17
VisualStudioVersion = 17.0.31903.59
MinimumVisualStudioVersion = 10.0.40219.1
Project("{2150E333-8FDC-42A3-9474-1A3956D46DE8}") = "src", "src", "{34386C06-E3B1-427D-9A30-22CEBE950CA1}"
EndProject
Project("{FAE04EC0-301F-11D3-BF4B-00C04F79EFBC}") = "Devhub.Tool", "src\Devhub.Tool\Devhub.Tool.csproj", "{56F23A50-DD4F-4E40-A48D-7E151F9731F2}"
EndProject
Project("{2150E333-8FDC-42A3-9474-1A3956D46DE8}") = "tests", "tests", "{FAC68BEE-7C31-4969-B449-1523C777A533}"
EndProject
Project("{FAE04EC0-301F-11D3-BF4B-00C04F79EFBC}") = "Devhub.Tool.Tests", "tests\Devhub.Tool.Tests\Devhub.Tool.Tests.csproj", "{1ABA5649-6A06-404C-965D-E99EF9D90BC6}"
EndProject
Global
	GlobalSection(SolutionConfigurationPlatforms) = preSolution
		Debug|Any CPU = Debug|Any CPU
		Release|Any CPU = Release|Any CPU
	EndGlobalSection
	GlobalSection(SolutionProperties) = preSolution
		HideSolutionNode = FALSE
	EndGlobalSection
	GlobalSection(ProjectConfigurationPlatforms) = postSolution
		{56F23A50-DD4F-4E40-A48D-7E151F9731F2}.Debug|Any CPU.ActiveCfg = Debug|Any CPU
		{56F23A50-DD4F-4E40-A48D-7E151F9731F2}.Debug|Any CPU.Build.0 = Debug|Any CPU
		{56F23A50-DD4F-4E40-A48D-7E151F9731F2}.Release|Any CPU.ActiveCfg = Release|Any CPU
		{56F23A50-DD4F-4E40-A48D-7E151F9731F2}.Release|Any CPU.Build.0 = Release|Any CPU
		{1ABA5649-6A06-404C-965D-E99EF9D90BC6}.Debug|Any CPU.ActiveCfg = Debug|Any CPU
		{1ABA5649-6A06-404C-965D-E99EF9D90BC6}.Debug|Any CPU.Build.0 = Debug|Any CPU
		{1ABA5649-6A06-404C-965D-E99EF9D90BC6}.Release|Any CPU.ActiveCfg = Release|Any CPU
		{1ABA5649-6A06-404C-965D-E99EF9D90BC6}.Release|Any CPU.Build.0 = Release|Any CPU
	EndGlobalSection
	GlobalSection(NestedProjects) = preSolution
		{56F23A50-DD4F-4E40-A48D-7E151F9731F2} = {34386C06-E3B1-427D-9A30-22CEBE950CA1}
		{1ABA5649-6A06-404C-965D-E99EF9D90BC6} = {FAC68BEE-7C31-4969-B449-1523C777A533}
	EndGlobalSection
EndGlobal
